{
  "name": "@writetome51/array-get-page",
  "version": "2.0.0",
  "lockfileVersion": 2,
  "requires": true,
  "packages": {
    "": {
      "name": "@writetome51/array-get-page",
      "version": "2.0.0",
      "license": "MIT",
      "dependencies": {
        "@writetome51/array-get-adjacent-at": "^3.0.0",
        "@writetome51/array-get-head-tail": "^2.0.0",
        "@writetome51/get-rounded-up-down": "^3.0.0",
        "@writetome51/in-range": "^2.0.2",
        "@writetome51/not": "^2.0.0"
      },
      "devDependencies": {
        "@writetome51/arrays-match": "^2.0.2",
        "@writetome51/get-countup-countdown": "^2.0.1"
      }
    },
    "node_modules/@arr/every": {
      "version": "1.0.1",
      "dev": true,
      "license": "MIT",
      "engines": {
        "node": ">=4"
      }
    },
    "node_modules/@writetome51/array-get-adjacent-at": {
      "version": "3.0.0",
      "license": "MIT",
      "dependencies": {
        "error-if-array-too-short-to-meet-adjacent-items-request": "^2.0.0",
        "error-if-index-how-many-or-array-are-not-valid": "^2.0.1"
      }
    },
    "node_modules/@writetome51/array-get-head-tail": {
      "version": "2.0.0",
      "license": "MIT",
      "dependencies": {
        "@writetome51/array-get-adjacent-at": "^2.0.0"
      }
    },
    "node_modules/@writetome51/array-get-head-tail/node_modules/@writetome51/array-get-adjacent-at": {
      "version": "2.0.2",
      "license": "MIT",
      "dependencies": {
        "error-if-array-too-short-to-meet-adjacent-items-request": "^2.0.0",
        "error-if-index-how-many-or-array-are-not-valid": "^2.0.1"
      }
    },
    "node_modules/@writetome51/arrays-match": {
      "version": "2.0.3",
      "dev": true,
      "license": "MIT",
      "dependencies": {
        "@arr/every": "^1.0.1",
        "@writetome51/is-array-not-array": "^2.0.0",
        "@writetome51/is-empty-not-empty": "^2.0.1",
        "error-if-values-are-not-arrays": "^2.0.1"
      }
    },
    "node_modules/@writetome51/get-arr-filled": {
      "version": "0.0.2",
      "dev": true,
      "license": "MIT"
    },
    "node_modules/@writetome51/get-countup-countdown": {
      "version": "2.0.1",
      "dev": true,
      "license": "MIT",
      "dependencies": {
        "@writetome51/get-arr-filled": "^0.0.2"
      }
    },
    "node_modules/@writetome51/get-left-of-decimal": {
      "version": "3.0.0",
      "license": "MIT"
    },
    "node_modules/@writetome51/get-right-of-decimal": {
      "version": "2.0.2",
      "license": "MIT",
      "dependencies": {
        "@writetome51/to-str": ">=0.0.1",
        "error-if-not-float": ">=2.0.0"
      }
    },
    "node_modules/@writetome51/get-rounded-up-down": {
      "version": "3.0.1",
      "license": "MIT",
      "dependencies": {
        "@writetome51/get-left-of-decimal": ">=3.0.0",
        "@writetome51/get-right-of-decimal": ">=2.0.2",
        "@writetome51/is-integer-is-float": ">=2.0.1",
        "@writetome51/is-odd-is-even": ">=2.0.0",
        "error-if-not-finite-number": ">=2.0.1"
      }
    },
    "node_modules/@writetome51/in-range": {
      "version": "2.0.3",
      "license": "MIT"
    },
    "node_modules/@writetome51/index-is-valid": {
      "version": "2.0.2",
      "license": "MIT",
      "dependencies": {
        "error-if-not-integer": "^2.0.1"
      }
    },
    "node_modules/@writetome51/is-array-not-array": {
      "version": "2.0.0",
      "dev": true,
      "license": "MIT"
    },
    "node_modules/@writetome51/is-empty-not-empty": {
      "version": "2.0.1",
      "dev": true,
      "license": "MIT",
      "dependencies": {
        "error-if-not-finite-number": "^2.0.0"
      }
    },
    "node_modules/@writetome51/is-integer-is-float": {
      "version": "2.0.1",
      "license": "MIT"
    },
    "node_modules/@writetome51/is-odd-is-even": {
      "version": "2.0.0",
      "license": "MIT",
      "dependencies": {
        "error-if-not-integer": "^2.0.0"
      }
    },
    "node_modules/@writetome51/not": {
      "version": "2.0.1",
      "license": "FREE"
    },
    "node_modules/@writetome51/to-str": {
      "version": "0.0.1",
      "license": "MIT"
    },
    "node_modules/error-if-array-too-short-to-meet-adjacent-items-request": {
      "version": "2.0.0",
      "license": "MIT"
    },
    "node_modules/error-if-index-how-many-or-array-are-not-valid": {
      "version": "2.0.1",
      "license": "MIT",
      "dependencies": {
        "error-if-index-not-valid": "^2.0.0",
        "error-if-not-array": "^2.0.0",
        "error-if-not-integer": "^2.0.0"
      }
    },
    "node_modules/error-if-index-not-valid": {
      "version": "2.0.0",
      "license": "MIT",
      "dependencies": {
        "@writetome51/index-is-valid": "^2.0.0"
      }
    },
    "node_modules/error-if-not-array": {
      "version": "2.0.0",
      "license": "MIT"
    },
    "node_modules/error-if-not-finite-number": {
      "version": "2.0.1",
      "license": "MIT",
      "dependencies": {
        "@writetome51/not": ">=2.0.0"
      }
    },
    "node_modules/error-if-not-float": {
      "version": "2.0.0",
      "license": "MIT",
      "dependencies": {
        "@writetome51/is-integer-is-float": "^2.0.0",
        "error-if-not-finite-number": "^2.0.0"
      }
    },
    "node_modules/error-if-not-integer": {
      "version": "2.0.1",
      "license": "MIT",
      "dependencies": {
        "@writetome51/is-integer-is-float": "^2.0.1"
      }
    },
    "node_modules/error-if-values-are-not-arrays": {
      "version": "2.0.1",
      "dev": true,
      "license": "MIT",
      "dependencies": {
        "error-if-not-array": "^2.0.0"
      }
    }
  },
  "dependencies": {
    "@arr/every": {
      "version": "1.0.1",
      "dev": true
    },
    "@writetome51/array-get-adjacent-at": {
      "version": "3.0.0",
      "requires": {
        "error-if-array-too-short-to-meet-adjacent-items-request": "^2.0.0",
        "error-if-index-how-many-or-array-are-not-valid": "^2.0.1"
      }
    },
    "@writetome51/array-get-head-tail": {
      "version": "2.0.0",
      "requires": {
        "@writetome51/array-get-adjacent-at": "^2.0.0"
      },
      "dependencies": {
        "@writetome51/array-get-adjacent-at": {
          "version": "2.0.2",
          "requires": {
            "error-if-array-too-short-to-meet-adjacent-items-request": "^2.0.0",
            "error-if-index-how-many-or-array-are-not-valid": "^2.0.1"
          }
        }
      }
    },
    "@writetome51/arrays-match": {
      "version": "2.0.3",
      "dev": true,
      "requires": {
        "@arr/every": "^1.0.1",
        "@writetome51/is-array-not-array": "^2.0.0",
        "@writetome51/is-empty-not-empty": "^2.0.1",
        "error-if-values-are-not-arrays": "^2.0.1"
      }
    },
    "@writetome51/get-arr-filled": {
      "version": "0.0.2",
      "dev": true
    },
    "@writetome51/get-countup-countdown": {
      "version": "2.0.1",
      "dev": true,
      "requires": {
        "@writetome51/get-arr-filled": "^0.0.2"
      }
    },
    "@writetome51/get-left-of-decimal": {
      "version": "3.0.0"
    },
    "@writetome51/get-right-of-decimal": {
      "version": "2.0.2",
      "requires": {
        "@writetome51/to-str": ">=0.0.1",
        "error-if-not-float": ">=2.0.0"
      }
    },
    "@writetome51/get-rounded-up-down": {
      "version": "3.0.1",
      "requires": {
        "@writetome51/get-left-of-decimal": ">=3.0.0",
        "@writetome51/get-right-of-decimal": ">=2.0.2",
        "@writetome51/is-integer-is-float": ">=2.0.1",
        "@writetome51/is-odd-is-even": ">=2.0.0",
        "error-if-not-finite-number": ">=2.0.1"
      }
    },
    "@writetome51/in-range": {
      "version": "2.0.3"
    },
    "@writetome51/index-is-valid": {
      "version": "2.0.2",
      "requires": {
        "error-if-not-integer": "^2.0.1"
      }
    },
    "@writetome51/is-array-not-array": {
      "version": "2.0.0",
      "dev": true
    },
    "@writetome51/is-empty-not-empty": {
      "version": "2.0.1",
      "dev": true,
      "requires": {
        "error-if-not-finite-number": "^2.0.0"
      }
    },
    "@writetome51/is-integer-is-float": {
      "version": "2.0.1"
    },
    "@writetome51/is-odd-is-even": {
      "version": "2.0.0",
      "requires": {
        "error-if-not-integer": "^2.0.0"
      }
    },
    "@writetome51/not": {
      "version": "2.0.1"
    },
    "@writetome51/to-str": {
      "version": "0.0.1"
    },
    "error-if-array-too-short-to-meet-adjacent-items-request": {
      "version": "2.0.0"
    },
    "error-if-index-how-many-or-array-are-not-valid": {
      "version": "2.0.1",
      "requires": {
        "error-if-index-not-valid": "^2.0.0",
        "error-if-not-array": "^2.0.0",
        "error-if-not-integer": "^2.0.0"
      }
    },
    "error-if-index-not-valid": {
      "version": "2.0.0",
      "requires": {
        "@writetome51/index-is-valid": "^2.0.0"
      }
    },
    "error-if-not-array": {
      "version": "2.0.0"
    },
    "error-if-not-finite-number": {
      "version": "2.0.1",
      "requires": {
        "@writetome51/not": ">=2.0.0"
      }
    },
    "error-if-not-float": {
      "version": "2.0.0",
      "requires": {
        "@writetome51/is-integer-is-float": "^2.0.0",
        "error-if-not-finite-number": "^2.0.0"
      }
    },
    "error-if-not-integer": {
      "version": "2.0.1",
      "requires": {
        "@writetome51/is-integer-is-float": "^2.0.1"
      }
    },
    "error-if-values-are-not-arrays": {
      "version": "2.0.1",
      "dev": true,
      "requires": {
        "error-if-not-array": "^2.0.0"
      }
    }
  }
}
